
Microsoft Visual Studio Solution File, Format Version 12.00
# Visual Studio 2012
Project("{FAE04EC0-301F-11D3-BF4B-00C04F79EFBC}") = "ServiceNowDownload", "ServiceNowDownload\ServiceNowDownload.csproj", "{01F3AE11-1D20-4BCE-90BE-4BC4BADAD641}"
EndProject
Global
	GlobalSection(SolutionConfigurationPlatforms) = preSolution
		Debug|Any CPU = Debug|Any CPU
		Release|Any CPU = Release|Any CPU
	EndGlobalSection
	GlobalSection(ProjectConfigurationPlatforms) = postSolution
		{01F3AE11-1D20-4BCE-90BE-4BC4BADAD641}.Debug|Any CPU.ActiveCfg = Debug|Any CPU
		{01F3AE11-1D20-4BCE-90BE-4BC4BADAD641}.Debug|Any CPU.Build.0 = Debug|Any CPU
		{01F3AE11-1D20-4BCE-90BE-4BC4BADAD641}.Release|Any CPU.ActiveCfg = Release|Any CPU
		{01F3AE11-1D20-4BCE-90BE-4BC4BADAD641}.Release|Any CPU.Build.0 = Release|Any CPU
	EndGlobalSection
	GlobalSection(SolutionProperties) = preSolution
		HideSolutionNode = FALSE
	EndGlobalSection
EndGlobal
